
Microsoft Visual Studio Solution File, Format Version 12.00
# Visual Studio 15
VisualStudioVersion = 15.0.28307.168
MinimumVisualStudioVersion = 10.0.40219.1
Project("{FAE04EC0-301F-11D3-BF4B-00C04F79EFBC}") = "MoqEntityFrameworkIssueReproduction", "MoqEntityFrameworkIssueReproduction\MoqEntityFrameworkIssueReproduction.csproj", "{2342FE3A-697B-41F4-AFCF-4AD998678A19}"
EndProject
Global
	GlobalSection(SolutionConfigurationPlatforms) = preSolution
		Debug|Any CPU = Debug|Any CPU
		Release|Any CPU = Release|Any CPU
	EndGlobalSection
	GlobalSection(ProjectConfigurationPlatforms) = postSolution
		{2342FE3A-697B-41F4-AFCF-4AD998678A19}.Debug|Any CPU.ActiveCfg = Debug|Any CPU
		{2342FE3A-697B-41F4-AFCF-4AD998678A19}.Debug|Any CPU.Build.0 = Debug|Any CPU
		{2342FE3A-697B-41F4-AFCF-4AD998678A19}.Release|Any CPU.ActiveCfg = Release|Any CPU
		{2342FE3A-697B-41F4-AFCF-4AD998678A19}.Release|Any CPU.Build.0 = Release|Any CPU
	EndGlobalSection
	GlobalSection(SolutionProperties) = preSolution
		HideSolutionNode = FALSE
	EndGlobalSection
	GlobalSection(ExtensibilityGlobals) = postSolution
		SolutionGuid = {66D4D9CC-F1EF-4A8A-BA30-10B88F8D3E04}
	EndGlobalSection
EndGlobal
